
Microsoft Visual Studio Solution File, Format Version 12.00
# Visual Studio 15
VisualStudioVersion = 15.0.28307.329
MinimumVisualStudioVersion = 10.0.40219.1
Project("{FAE04EC0-301F-11D3-BF4B-00C04F79EFBC}") = "Git_Percobaan", "Git_Percobaan\Git_Percobaan.csproj", "{ECF1654E-B6B8-4CBF-AA41-855962783043}"
EndProject
Global
	GlobalSection(SolutionConfigurationPlatforms) = preSolution
		Debug|Any CPU = Debug|Any CPU
		Release|Any CPU = Release|Any CPU
	EndGlobalSection
	GlobalSection(ProjectConfigurationPlatforms) = postSolution
		{ECF1654E-B6B8-4CBF-AA41-855962783043}.Debug|Any CPU.ActiveCfg = Debug|Any CPU
		{ECF1654E-B6B8-4CBF-AA41-855962783043}.Debug|Any CPU.Build.0 = Debug|Any CPU
		{ECF1654E-B6B8-4CBF-AA41-855962783043}.Release|Any CPU.ActiveCfg = Release|Any CPU
		{ECF1654E-B6B8-4CBF-AA41-855962783043}.Release|Any CPU.Build.0 = Release|Any CPU
	EndGlobalSection
	GlobalSection(SolutionProperties) = preSolution
		HideSolutionNode = FALSE
	EndGlobalSection
	GlobalSection(ExtensibilityGlobals) = postSolution
		SolutionGuid = {0B16FC64-AFA9-4D1B-BDC2-FB0719FF0FB4}
	EndGlobalSection
EndGlobal
